// !$*UTF8*$!
{
	archiveVersion = 1;
	classes = {
	};
	objectVersion = 51;
	objects = {

/* Begin PBXBuildFile section */
		0AB1836F25DAD5A3009E3F9B /* AppDelegate.swift in Sources */ = {isa = PBXBuildFile; fileRef = 0AB1836E25DAD5A3009E3F9B /* AppDelegate.swift */; };
		0AB1837125DAD5A3009E3F9B /* SceneDelegate.swift in Sources */ = {isa = PBXBuildFile; fileRef = 0AB1837025DAD5A3009E3F9B /* SceneDelegate.swift */; };
		0AB1837325DAD5A3009E3F9B /* StartViewController.swift in Sources */ = {isa = PBXBuildFile; fileRef = 0AB1837225DAD5A3009E3F9B /* StartViewController.swift */; };
		0AB1837625DAD5A3009E3F9B /* Main.storyboard in Resources */ = {isa = PBXBuildFile; fileRef = 0AB1837425DAD5A3009E3F9B /* Main.storyboard */; };
		0AB1837825DAD5A3009E3F9B /* Assets.xcassets in Resources */ = {isa = PBXBuildFile; fileRef = 0AB1837725DAD5A3009E3F9B /* Assets.xcassets */; };
		0AB1837B25DAD5A3009E3F9B /* LaunchScreen.storyboard in Resources */ = {isa = PBXBuildFile; fileRef = 0AB1837925DAD5A3009E3F9B /* LaunchScreen.storyboard */; };
		0AB1838625DAD5A3009E3F9B /* notes_swiftTests.swift in Sources */ = {isa = PBXBuildFile; fileRef = 0AB1838525DAD5A3009E3F9B /* notes_swiftTests.swift */; };
		0AB1839125DAD5A3009E3F9B /* notes_swiftUITests.swift in Sources */ = {isa = PBXBuildFile; fileRef = 0AB1839025DAD5A3009E3F9B /* notes_swiftUITests.swift */; };
		0AB183AE25DADAC6009E3F9B /* LoginViewController.swift in Sources */ = {isa = PBXBuildFile; fileRef = 0AB183AD25DADAC6009E3F9B /* LoginViewController.swift */; };
		0AB183B325DADAD4009E3F9B /* SignUpViewController.swift in Sources */ = {isa = PBXBuildFile; fileRef = 0AB183B225DADAD4009E3F9B /* SignUpViewController.swift */; };
		0AB183BD25DB9911009E3F9B /* getViewControllerWithID.swift in Sources */ = {isa = PBXBuildFile; fileRef = 0AB183BC25DB9911009E3F9B /* getViewControllerWithID.swift */; };
		0AB183C625DB9B1A009E3F9B /* HomeViewController.swift in Sources */ = {isa = PBXBuildFile; fileRef = 0AB183C525DB9B1A009E3F9B /* HomeViewController.swift */; };
		0AB183D225DBAA1F009E3F9B /* KeyChain.swift in Sources */ = {isa = PBXBuildFile; fileRef = 0AB183D125DBAA1F009E3F9B /* KeyChain.swift */; };
		45D87E546E6D33A8047246AF /* Pods_notes_swift.framework in Frameworks */ = {isa = PBXBuildFile; fileRef = 764A3E6C71413273FD3DE40B /* Pods_notes_swift.framework */; };
		66294E7F490FACBC92A2107D /* Pods_notes_swiftTests.framework in Frameworks */ = {isa = PBXBuildFile; fileRef = BF11E503A568A159A2ED5D83 /* Pods_notes_swiftTests.framework */; };
		F6ED176E6CE65CADCFC90FAE /* Pods_notes_swift_notes_swiftUITests.framework in Frameworks */ = {isa = PBXBuildFile; fileRef = 0A132ACF0EB01AFE7C61A404 /* Pods_notes_swift_notes_swiftUITests.framework */; };
/* End PBXBuildFile section */

/* Begin PBXContainerItemProxy section */
		0AB1838225DAD5A3009E3F9B /* PBXContainerItemProxy */ = {
			isa = PBXContainerItemProxy;
			containerPortal = 0AB1836325DAD5A3009E3F9B /* Project object */;
			proxyType = 1;
			remoteGlobalIDString = 0AB1836A25DAD5A3009E3F9B;
			remoteInfo = notes_swift;
		};
		0AB1838D25DAD5A3009E3F9B /* PBXContainerItemProxy */ = {
			isa = PBXContainerItemProxy;
			containerPortal = 0AB1836325DAD5A3009E3F9B /* Project object */;
			proxyType = 1;
			remoteGlobalIDString = 0AB1836A25DAD5A3009E3F9B;
			remoteInfo = notes_swift;
		};
/* End PBXContainerItemProxy section */

/* Begin PBXFileReference section */
		0003D0D20A54F613E4000E7A /* Pods-notes_swift-notes_swiftUITests.debug.xcconfig */ = {isa = PBXFileReference; includeInIndex = 1; lastKnownFileType = text.xcconfig; name = "Pods-notes_swift-notes_swiftUITests.debug.xcconfig"; path = "Target Support Files/Pods-notes_swift-notes_swiftUITests/Pods-notes_swift-notes_swiftUITests.debug.xcconfig"; sourceTree = "<group>"; };
		0A132ACF0EB01AFE7C61A404 /* Pods_notes_swift_notes_swiftUITests.framework */ = {isa = PBXFileReference; explicitFileType = wrapper.framework; includeInIndex = 0; path = Pods_notes_swift_notes_swiftUITests.framework; sourceTree = BUILT_PRODUCTS_DIR; };
		0AB1836B25DAD5A3009E3F9B /* notes_swift.app */ = {isa = PBXFileReference; explicitFileType = wrapper.application; includeInIndex = 0; path = notes_swift.app; sourceTree = BUILT_PRODUCTS_DIR; };
		0AB1836E25DAD5A3009E3F9B /* AppDelegate.swift */ = {isa = PBXFileReference; lastKnownFileType = sourcecode.swift; path = AppDelegate.swift; sourceTree = "<group>"; };
		0AB1837025DAD5A3009E3F9B /* SceneDelegate.swift */ = {isa = PBXFileReference; lastKnownFileType = sourcecode.swift; path = SceneDelegate.swift; sourceTree = "<group>"; };
		0AB1837225DAD5A3009E3F9B /* StartViewController.swift */ = {isa = PBXFileReference; lastKnownFileType = sourcecode.swift; path = StartViewController.swift; sourceTree = "<group>"; };
		0AB1837525DAD5A3009E3F9B /* Base */ = {isa = PBXFileReference; lastKnownFileType = file.storyboard; name = Base; path = Base.lproj/Main.storyboard; sourceTree = "<group>"; };
		0AB1837725DAD5A3009E3F9B /* Assets.xcassets */ = {isa = PBXFileReference; lastKnownFileType = folder.assetcatalog; path = Assets.xcassets; sourceTree = "<group>"; };
		0AB1837A25DAD5A3009E3F9B /* Base */ = {isa = PBXFileReference; lastKnownFileType = file.storyboard; name = Base; path = Base.lproj/LaunchScreen.storyboard; sourceTree = "<group>"; };
		0AB1837C25DAD5A3009E3F9B /* Info.plist */ = {isa = PBXFileReference; lastKnownFileType = text.plist.xml; path = Info.plist; sourceTree = "<group>"; };
		0AB1838125DAD5A3009E3F9B /* notes_swiftTests.xctest */ = {isa = PBXFileReference; explicitFileType = wrapper.cfbundle; includeInIndex = 0; path = notes_swiftTests.xctest; sourceTree = BUILT_PRODUCTS_DIR; };
		0AB1838525DAD5A3009E3F9B /* notes_swiftTests.swift */ = {isa = PBXFileReference; lastKnownFileType = sourcecode.swift; path = notes_swiftTests.swift; sourceTree = "<group>"; };
		0AB1838725DAD5A3009E3F9B /* Info.plist */ = {isa = PBXFileReference; lastKnownFileType = text.plist.xml; path = Info.plist; sourceTree = "<group>"; };
		0AB1838C25DAD5A3009E3F9B /* notes_swiftUITests.xctest */ = {isa = PBXFileReference; explicitFileType = wrapper.cfbundle; includeInIndex = 0; path = notes_swiftUITests.xctest; sourceTree = BUILT_PRODUCTS_DIR; };
		0AB1839025DAD5A3009E3F9B /* notes_swiftUITests.swift */ = {isa = PBXFileReference; lastKnownFileType = sourcecode.swift; path = notes_swiftUITests.swift; sourceTree = "<group>"; };
		0AB1839225DAD5A3009E3F9B /* Info.plist */ = {isa = PBXFileReference; lastKnownFileType = text.plist.xml; path = Info.plist; sourceTree = "<group>"; };
		0AB183AD25DADAC6009E3F9B /* LoginViewController.swift */ = {isa = PBXFileReference; lastKnownFileType = sourcecode.swift; path = LoginViewController.swift; sourceTree = "<group>"; };
		0AB183B225DADAD4009E3F9B /* SignUpViewController.swift */ = {isa = PBXFileReference; lastKnownFileType = sourcecode.swift; path = SignUpViewController.swift; sourceTree = "<group>"; };
		0AB183BC25DB9911009E3F9B /* getViewControllerWithID.swift */ = {isa = PBXFileReference; lastKnownFileType = sourcecode.swift; path = getViewControllerWithID.swift; sourceTree = "<group>"; };
		0AB183C525DB9B1A009E3F9B /* HomeViewController.swift */ = {isa = PBXFileReference; lastKnownFileType = sourcecode.swift; path = HomeViewController.swift; sourceTree = "<group>"; };
		0AB183D125DBAA1F009E3F9B /* KeyChain.swift */ = {isa = PBXFileReference; lastKnownFileType = sourcecode.swift; path = KeyChain.swift; sourceTree = "<group>"; };
		251DB530B2EF332C663A0962 /* Pods-notes_swiftTests.release.xcconfig */ = {isa = PBXFileReference; includeInIndex = 1; lastKnownFileType = text.xcconfig; name = "Pods-notes_swiftTests.release.xcconfig"; path = "Target Support Files/Pods-notes_swiftTests/Pods-notes_swiftTests.release.xcconfig"; sourceTree = "<group>"; };
		51D9F6423B9289569348409D /* Pods-notes_swiftTests.debug.xcconfig */ = {isa = PBXFileReference; includeInIndex = 1; lastKnownFileType = text.xcconfig; name = "Pods-notes_swiftTests.debug.xcconfig"; path = "Target Support Files/Pods-notes_swiftTests/Pods-notes_swiftTests.debug.xcconfig"; sourceTree = "<group>"; };
		764A3E6C71413273FD3DE40B /* Pods_notes_swift.framework */ = {isa = PBXFileReference; explicitFileType = wrapper.framework; includeInIndex = 0; path = Pods_notes_swift.framework; sourceTree = BUILT_PRODUCTS_DIR; };
		BF11E503A568A159A2ED5D83 /* Pods_notes_swiftTests.framework */ = {isa = PBXFileReference; explicitFileType = wrapper.framework; includeInIndex = 0; path = Pods_notes_swiftTests.framework; sourceTree = BUILT_PRODUCTS_DIR; };
		C7118E8362330E5E0B3F8061 /* Pods-notes_swift.debug.xcconfig */ = {isa = PBXFileReference; includeInIndex = 1; lastKnownFileType = text.xcconfig; name = "Pods-notes_swift.debug.xcconfig"; path = "Target Support Files/Pods-notes_swift/Pods-notes_swift.debug.xcconfig"; sourceTree = "<group>"; };
		C9B40B36987244B0A6ACCE99 /* Pods-notes_swift.release.xcconfig */ = {isa = PBXFileReference; includeInIndex = 1; lastKnownFileType = text.xcconfig; name = "Pods-notes_swift.release.xcconfig"; path = "Target Support Files/Pods-notes_swift/Pods-notes_swift.release.xcconfig"; sourceTree = "<group>"; };
		ECDE8056A7E5550DD697E774 /* Pods-notes_swift-notes_swiftUITests.release.xcconfig */ = {isa = PBXFileReference; includeInIndex = 1; lastKnownFileType = text.xcconfig; name = "Pods-notes_swift-notes_swiftUITests.release.xcconfig"; path = "Target Support Files/Pods-notes_swift-notes_swiftUITests/Pods-notes_swift-notes_swiftUITests.release.xcconfig"; sourceTree = "<group>"; };
/* End PBXFileReference section */

/* Begin PBXFrameworksBuildPhase section */
		0AB1836825DAD5A3009E3F9B /* Frameworks */ = {
			isa = PBXFrameworksBuildPhase;
			buildActionMask = 2147483647;
			files = (
				45D87E546E6D33A8047246AF /* Pods_notes_swift.framework in Frameworks */,
			);
			runOnlyForDeploymentPostprocessing = 0;
		};
		0AB1837E25DAD5A3009E3F9B /* Frameworks */ = {
			isa = PBXFrameworksBuildPhase;
			buildActionMask = 2147483647;
			files = (
				66294E7F490FACBC92A2107D /* Pods_notes_swiftTests.framework in Frameworks */,
			);
			runOnlyForDeploymentPostprocessing = 0;
		};
		0AB1838925DAD5A3009E3F9B /* Frameworks */ = {
			isa = PBXFrameworksBuildPhase;
			buildActionMask = 2147483647;
			files = (
				F6ED176E6CE65CADCFC90FAE /* Pods_notes_swift_notes_swiftUITests.framework in Frameworks */,
			);
			runOnlyForDeploymentPostprocessing = 0;
		};
/* End PBXFrameworksBuildPhase section */

/* Begin PBXGroup section */
		0AB1836225DAD5A3009E3F9B = {
			isa = PBXGroup;
			children = (
				0AB1836D25DAD5A3009E3F9B /* notes_swift */,
				0AB1838425DAD5A3009E3F9B /* notes_swiftTests */,
				0AB1838F25DAD5A3009E3F9B /* notes_swiftUITests */,
				0AB1836C25DAD5A3009E3F9B /* Products */,
				8C988314B93987905C31B889 /* Pods */,
				A3FF55F1B0A3B8DB746E860B /* Frameworks */,
			);
			sourceTree = "<group>";
		};
		0AB1836C25DAD5A3009E3F9B /* Products */ = {
			isa = PBXGroup;
			children = (
				0AB1836B25DAD5A3009E3F9B /* notes_swift.app */,
				0AB1838125DAD5A3009E3F9B /* notes_swiftTests.xctest */,
				0AB1838C25DAD5A3009E3F9B /* notes_swiftUITests.xctest */,
			);
			name = Products;
			sourceTree = "<group>";
		};
		0AB1836D25DAD5A3009E3F9B /* notes_swift */ = {
			isa = PBXGroup;
			children = (
				0AB183BB25DB9904009E3F9B /* Helpers */,
				0AB183A325DAD6FD009E3F9B /* View */,
				0AB183A225DAD6F6009E3F9B /* Model */,
				0AB183A125DAD6E9009E3F9B /* Controllers */,
				0AB1836E25DAD5A3009E3F9B /* AppDelegate.swift */,
				0AB1837025DAD5A3009E3F9B /* SceneDelegate.swift */,
				0AB1837425DAD5A3009E3F9B /* Main.storyboard */,
				0AB1837725DAD5A3009E3F9B /* Assets.xcassets */,
				0AB1837925DAD5A3009E3F9B /* LaunchScreen.storyboard */,
				0AB1837C25DAD5A3009E3F9B /* Info.plist */,
			);
			path = notes_swift;
			sourceTree = "<group>";
		};
		0AB1838425DAD5A3009E3F9B /* notes_swiftTests */ = {
			isa = PBXGroup;
			children = (
				0AB1838525DAD5A3009E3F9B /* notes_swiftTests.swift */,
				0AB1838725DAD5A3009E3F9B /* Info.plist */,
			);
			path = notes_swiftTests;
			sourceTree = "<group>";
		};
		0AB1838F25DAD5A3009E3F9B /* notes_swiftUITests */ = {
			isa = PBXGroup;
			children = (
				0AB1839025DAD5A3009E3F9B /* notes_swiftUITests.swift */,
				0AB1839225DAD5A3009E3F9B /* Info.plist */,
			);
			path = notes_swiftUITests;
			sourceTree = "<group>";
		};
		0AB183A125DAD6E9009E3F9B /* Controllers */ = {
			isa = PBXGroup;
			children = (
				0AB183C425DB9B0B009E3F9B /* HomeControllers */,
				0AB183B725DAEB37009E3F9B /* StartControllers */,
			);
			path = Controllers;
			sourceTree = "<group>";
		};
		0AB183A225DAD6F6009E3F9B /* Model */ = {
			isa = PBXGroup;
			children = (
				0AB183D125DBAA1F009E3F9B /* KeyChain.swift */,
			);
			path = Model;
			sourceTree = "<group>";
		};
		0AB183A325DAD6FD009E3F9B /* View */ = {
			isa = PBXGroup;
			children = (
			);
			path = View;
			sourceTree = "<group>";
		};
		0AB183B725DAEB37009E3F9B /* StartControllers */ = {
			isa = PBXGroup;
			children = (
				0AB1837225DAD5A3009E3F9B /* StartViewController.swift */,
				0AB183AD25DADAC6009E3F9B /* LoginViewController.swift */,
				0AB183B225DADAD4009E3F9B /* SignUpViewController.swift */,
			);
			path = StartControllers;
			sourceTree = "<group>";
		};
		0AB183BB25DB9904009E3F9B /* Helpers */ = {
			isa = PBXGroup;
			children = (
				0AB183BC25DB9911009E3F9B /* getViewControllerWithID.swift */,
			);
			path = Helpers;
			sourceTree = "<group>";
		};
		0AB183C425DB9B0B009E3F9B /* HomeControllers */ = {
			isa = PBXGroup;
			children = (
				0AB183C525DB9B1A009E3F9B /* HomeViewController.swift */,
			);
			path = HomeControllers;
			sourceTree = "<group>";
		};
		8C988314B93987905C31B889 /* Pods */ = {
			isa = PBXGroup;
			children = (
				C7118E8362330E5E0B3F8061 /* Pods-notes_swift.debug.xcconfig */,
				C9B40B36987244B0A6ACCE99 /* Pods-notes_swift.release.xcconfig */,
				0003D0D20A54F613E4000E7A /* Pods-notes_swift-notes_swiftUITests.debug.xcconfig */,
				ECDE8056A7E5550DD697E774 /* Pods-notes_swift-notes_swiftUITests.release.xcconfig */,
				51D9F6423B9289569348409D /* Pods-notes_swiftTests.debug.xcconfig */,
				251DB530B2EF332C663A0962 /* Pods-notes_swiftTests.release.xcconfig */,
			);
			path = Pods;
			sourceTree = "<group>";
		};
		A3FF55F1B0A3B8DB746E860B /* Frameworks */ = {
			isa = PBXGroup;
			children = (
				764A3E6C71413273FD3DE40B /* Pods_notes_swift.framework */,
				0A132ACF0EB01AFE7C61A404 /* Pods_notes_swift_notes_swiftUITests.framework */,
				BF11E503A568A159A2ED5D83 /* Pods_notes_swiftTests.framework */,
			);
			name = Frameworks;
			sourceTree = "<group>";
		};
/* End PBXGroup section */

/* Begin PBXNativeTarget section */
		0AB1836A25DAD5A3009E3F9B /* notes_swift */ = {
			isa = PBXNativeTarget;
			buildConfigurationList = 0AB1839525DAD5A3009E3F9B /* Build configuration list for PBXNativeTarget "notes_swift" */;
			buildPhases = (
				1C1776FFD0E7EA47635ED3BF /* [CP] Check Pods Manifest.lock */,
				0AB1836725DAD5A3009E3F9B /* Sources */,
				0AB1836825DAD5A3009E3F9B /* Frameworks */,
				0AB1836925DAD5A3009E3F9B /* Resources */,
				689C21E1A442BC7BEF7E1766 /* [CP] Embed Pods Frameworks */,
			);
			buildRules = (
			);
			dependencies = (
			);
			name = notes_swift;
			productName = notes_swift;
			productReference = 0AB1836B25DAD5A3009E3F9B /* notes_swift.app */;
			productType = "com.apple.product-type.application";
		};
		0AB1838025DAD5A3009E3F9B /* notes_swiftTests */ = {
			isa = PBXNativeTarget;
			buildConfigurationList = 0AB1839825DAD5A3009E3F9B /* Build configuration list for PBXNativeTarget "notes_swiftTests" */;
			buildPhases = (
				B6C94CE416E85139CD9706A7 /* [CP] Check Pods Manifest.lock */,
				0AB1837D25DAD5A3009E3F9B /* Sources */,
				0AB1837E25DAD5A3009E3F9B /* Frameworks */,
				0AB1837F25DAD5A3009E3F9B /* Resources */,
			);
			buildRules = (
			);
			dependencies = (
				0AB1838325DAD5A3009E3F9B /* PBXTargetDependency */,
			);
			name = notes_swiftTests;
			productName = notes_swiftTests;
			productReference = 0AB1838125DAD5A3009E3F9B /* notes_swiftTests.xctest */;
			productType = "com.apple.product-type.bundle.unit-test";
		};
		0AB1838B25DAD5A3009E3F9B /* notes_swiftUITests */ = {
			isa = PBXNativeTarget;
			buildConfigurationList = 0AB1839B25DAD5A3009E3F9B /* Build configuration list for PBXNativeTarget "notes_swiftUITests" */;
			buildPhases = (
				845739835290B95061B5046A /* [CP] Check Pods Manifest.lock */,
				0AB1838825DAD5A3009E3F9B /* Sources */,
				0AB1838925DAD5A3009E3F9B /* Frameworks */,
				0AB1838A25DAD5A3009E3F9B /* Resources */,
				82B87CD803B8CDBD6B284515 /* [CP] Embed Pods Frameworks */,
			);
			buildRules = (
			);
			dependencies = (
				0AB1838E25DAD5A3009E3F9B /* PBXTargetDependency */,
			);
			name = notes_swiftUITests;
			productName = notes_swiftUITests;
			productReference = 0AB1838C25DAD5A3009E3F9B /* notes_swiftUITests.xctest */;
			productType = "com.apple.product-type.bundle.ui-testing";
		};
/* End PBXNativeTarget section */

/* Begin PBXProject section */
		0AB1836325DAD5A3009E3F9B /* Project object */ = {
			isa = PBXProject;
			attributes = {
				LastSwiftUpdateCheck = 1240;
				LastUpgradeCheck = 1240;
				TargetAttributes = {
					0AB1836A25DAD5A3009E3F9B = {
						CreatedOnToolsVersion = 12.4;
					};
					0AB1838025DAD5A3009E3F9B = {
						CreatedOnToolsVersion = 12.4;
						TestTargetID = 0AB1836A25DAD5A3009E3F9B;
					};
					0AB1838B25DAD5A3009E3F9B = {
						CreatedOnToolsVersion = 12.4;
						TestTargetID = 0AB1836A25DAD5A3009E3F9B;
					};
				};
			};
			buildConfigurationList = 0AB1836625DAD5A3009E3F9B /* Build configuration list for PBXProject "notes_swift" */;
			compatibilityVersion = "Xcode 9.3";
			developmentRegion = en;
			hasScannedForEncodings = 0;
			knownRegions = (
				en,
				Base,
			);
			mainGroup = 0AB1836225DAD5A3009E3F9B;
			productRefGroup = 0AB1836C25DAD5A3009E3F9B /* Products */;
			projectDirPath = "";
			projectRoot = "";
			targets = (
				0AB1836A25DAD5A3009E3F9B /* notes_swift */,
				0AB1838025DAD5A3009E3F9B /* notes_swiftTests */,
				0AB1838B25DAD5A3009E3F9B /* notes_swiftUITests */,
			);
		};
/* End PBXProject section */

/* Begin PBXResourcesBuildPhase section */
		0AB1836925DAD5A3009E3F9B /* Resources */ = {
			isa = PBXResourcesBuildPhase;
			buildActionMask = 2147483647;
			files = (
				0AB1837B25DAD5A3009E3F9B /* LaunchScreen.storyboard in Resources */,
				0AB1837825DAD5A3009E3F9B /* Assets.xcassets in Resources */,
				0AB1837625DAD5A3009E3F9B /* Main.storyboard in Resources */,
			);
			runOnlyForDeploymentPostprocessing = 0;
		};
		0AB1837F25DAD5A3009E3F9B /* Resources */ = {
			isa = PBXResourcesBuildPhase;
			buildActionMask = 2147483647;
			files = (
			);
			runOnlyForDeploymentPostprocessing = 0;
		};
		0AB1838A25DAD5A3009E3F9B /* Resources */ = {
			isa = PBXResourcesBuildPhase;
			buildActionMask = 2147483647;
			files = (
			);
			runOnlyForDeploymentPostprocessing = 0;
		};
/* End PBXResourcesBuildPhase section */

/* Begin PBXShellScriptBuildPhase section */
		1C1776FFD0E7EA47635ED3BF /* [CP] Check Pods Manifest.lock */ = {
			isa = PBXShellScriptBuildPhase;
			buildActionMask = 2147483647;
			files = (
			);
			inputFileListPaths = (
			);
			inputPaths = (
				"${PODS_PODFILE_DIR_PATH}/Podfile.lock",
				"${PODS_ROOT}/Manifest.lock",
			);
			name = "[CP] Check Pods Manifest.lock";
			outputFileListPaths = (
			);
			outputPaths = (
				"$(DERIVED_FILE_DIR)/Pods-notes_swift-checkManifestLockResult.txt",
			);
			runOnlyForDeploymentPostprocessing = 0;
			shellPath = /bin/sh;
			shellScript = "diff \"${PODS_PODFILE_DIR_PATH}/Podfile.lock\" \"${PODS_ROOT}/Manifest.lock\" > /dev/null\nif [ $? != 0 ] ; then\n    # print error to STDERR\n    echo \"error: The sandbox is not in sync with the Podfile.lock. Run 'pod install' or update your CocoaPods installation.\" >&2\n    exit 1\nfi\n# This output is used by Xcode 'outputs' to avoid re-running this script phase.\necho \"SUCCESS\" > \"${SCRIPT_OUTPUT_FILE_0}\"\n";
			showEnvVarsInLog = 0;
		};
		689C21E1A442BC7BEF7E1766 /* [CP] Embed Pods Frameworks */ = {
			isa = PBXShellScriptBuildPhase;
			buildActionMask = 2147483647;
			files = (
			);
			inputFileListPaths = (
				"${PODS_ROOT}/Target Support Files/Pods-notes_swift/Pods-notes_swift-frameworks-${CONFIGURATION}-input-files.xcfilelist",
			);
			name = "[CP] Embed Pods Frameworks";
			outputFileListPaths = (
				"${PODS_ROOT}/Target Support Files/Pods-notes_swift/Pods-notes_swift-frameworks-${CONFIGURATION}-output-files.xcfilelist",
			);
			runOnlyForDeploymentPostprocessing = 0;
			shellPath = /bin/sh;
			shellScript = "\"${PODS_ROOT}/Target Support Files/Pods-notes_swift/Pods-notes_swift-frameworks.sh\"\n";
			showEnvVarsInLog = 0;
		};
		82B87CD803B8CDBD6B284515 /* [CP] Embed Pods Frameworks */ = {
			isa = PBXShellScriptBuildPhase;
			buildActionMask = 2147483647;
			files = (
			);
			inputFileListPaths = (
				"${PODS_ROOT}/Target Support Files/Pods-notes_swift-notes_swiftUITests/Pods-notes_swift-notes_swiftUITests-frameworks-${CONFIGURATION}-input-files.xcfilelist",
			);
			name = "[CP] Embed Pods Frameworks";
			outputFileListPaths = (
				"${PODS_ROOT}/Target Support Files/Pods-notes_swift-notes_swiftUITests/Pods-notes_swift-notes_swiftUITests-frameworks-${CONFIGURATION}-output-files.xcfilelist",
			);
			runOnlyForDeploymentPostprocessing = 0;
			shellPath = /bin/sh;
			shellScript = "\"${PODS_ROOT}/Target Support Files/Pods-notes_swift-notes_swiftUITests/Pods-notes_swift-notes_swiftUITests-frameworks.sh\"\n";
			showEnvVarsInLog = 0;
		};
		845739835290B95061B5046A /* [CP] Check Pods Manifest.lock */ = {
			isa = PBXShellScriptBuildPhase;
			buildActionMask = 2147483647;
			files = (
			);
			inputFileListPaths = (
			);
			inputPaths = (
				"${PODS_PODFILE_DIR_PATH}/Podfile.lock",
				"${PODS_ROOT}/Manifest.lock",
			);
			name = "[CP] Check Pods Manifest.lock";
			outputFileListPaths = (
			);
			outputPaths = (
				"$(DERIVED_FILE_DIR)/Pods-notes_swift-notes_swiftUITests-checkManifestLockResult.txt",
			);
			runOnlyForDeploymentPostprocessing = 0;
			shellPath = /bin/sh;
			shellScript = "diff \"${PODS_PODFILE_DIR_PATH}/Podfile.lock\" \"${PODS_ROOT}/Manifest.lock\" > /dev/null\nif [ $? != 0 ] ; then\n    # print error to STDERR\n    echo \"error: The sandbox is not in sync with the Podfile.lock. Run 'pod install' or update your CocoaPods installation.\" >&2\n    exit 1\nfi\n# This output is used by Xcode 'outputs' to avoid re-running this script phase.\necho \"SUCCESS\" > \"${SCRIPT_OUTPUT_FILE_0}\"\n";
			showEnvVarsInLog = 0;
		};
		B6C94CE416E85139CD9706A7 /* [CP] Check Pods Manifest.lock */ = {
			isa = PBXShellScriptBuildPhase;
			buildActionMask = 2147483647;
			files = (
			);
			inputFileListPaths = (
			);
			inputPaths = (
				"${PODS_PODFILE_DIR_PATH}/Podfile.lock",
				"${PODS_ROOT}/Manifest.lock",
			);
			name = "[CP] Check Pods Manifest.lock";
			outputFileListPaths = (
			);
			outputPaths = (
				"$(DERIVED_FILE_DIR)/Pods-notes_swiftTests-checkManifestLockResult.txt",
			);
			runOnlyForDeploymentPostprocessing = 0;
			shellPath = /bin/sh;
			shellScript = "diff \"${PODS_PODFILE_DIR_PATH}/Podfile.lock\" \"${PODS_ROOT}/Manifest.lock\" > /dev/null\nif [ $? != 0 ] ; then\n    # print error to STDERR\n    echo \"error: The sandbox is not in sync with the Podfile.lock. Run 'pod install' or update your CocoaPods installation.\" >&2\n    exit 1\nfi\n# This output is used by Xcode 'outputs' to avoid re-running this script phase.\necho \"SUCCESS\" > \"${SCRIPT_OUTPUT_FILE_0}\"\n";
			showEnvVarsInLog = 0;
		};
/* End PBXShellScriptBuildPhase section */

/* Begin PBXSourcesBuildPhase section */
		0AB1836725DAD5A3009E3F9B /* Sources */ = {
			isa = PBXSourcesBuildPhase;
			buildActionMask = 2147483647;
			files = (
				0AB183AE25DADAC6009E3F9B /* LoginViewController.swift in Sources */,
				0AB183BD25DB9911009E3F9B /* getViewControllerWithID.swift in Sources */,
				0AB1837325DAD5A3009E3F9B /* StartViewController.swift in Sources */,
				0AB1836F25DAD5A3009E3F9B /* AppDelegate.swift in Sources */,
				0AB1837125DAD5A3009E3F9B /* SceneDelegate.swift in Sources */,
				0AB183D225DBAA1F009E3F9B /* KeyChain.swift in Sources */,
				0AB183C625DB9B1A009E3F9B /* HomeViewController.swift in Sources */,
				0AB183B325DADAD4009E3F9B /* SignUpViewController.swift in Sources */,
			);
			runOnlyForDeploymentPostprocessing = 0;
		};
		0AB1837D25DAD5A3009E3F9B /* Sources */ = {
			isa = PBXSourcesBuildPhase;
			buildActionMask = 2147483647;
			files = (
				0AB1838625DAD5A3009E3F9B /* notes_swiftTests.swift in Sources */,
			);
			runOnlyForDeploymentPostprocessing = 0;
		};
		0AB1838825DAD5A3009E3F9B /* Sources */ = {
			isa = PBXSourcesBuildPhase;
			buildActionMask = 2147483647;
			files = (
				0AB1839125DAD5A3009E3F9B /* notes_swiftUITests.swift in Sources */,
			);
			runOnlyForDeploymentPostprocessing = 0;
		};
/* End PBXSourcesBuildPhase section */

/* Begin PBXTargetDependency section */
		0AB1838325DAD5A3009E3F9B /* PBXTargetDependency */ = {
			isa = PBXTargetDependency;
			target = 0AB1836A25DAD5A3009E3F9B /* notes_swift */;
			targetProxy = 0AB1838225DAD5A3009E3F9B /* PBXContainerItemProxy */;
		};
		0AB1838E25DAD5A3009E3F9B /* PBXTargetDependency */ = {
			isa = PBXTargetDependency;
			target = 0AB1836A25DAD5A3009E3F9B /* notes_swift */;
			targetProxy = 0AB1838D25DAD5A3009E3F9B /* PBXContainerItemProxy */;
		};
/* End PBXTargetDependency section */

/* Begin PBXVariantGroup section */
		0AB1837425DAD5A3009E3F9B /* Main.storyboard */ = {
			isa = PBXVariantGroup;
			children = (
				0AB1837525DAD5A3009E3F9B /* Base */,
			);
			name = Main.storyboard;
			sourceTree = "<group>";
		};
		0AB1837925DAD5A3009E3F9B /* LaunchScreen.storyboard */ = {
			isa = PBXVariantGroup;
			children = (
				0AB1837A25DAD5A3009E3F9B /* Base */,
			);
			name = LaunchScreen.storyboard;
			sourceTree = "<group>";
		};
/* End PBXVariantGroup section */

/* Begin XCBuildConfiguration section */
		0AB1839325DAD5A3009E3F9B /* Debug */ = {
			isa = XCBuildConfiguration;
			buildSettings = {
				ALWAYS_SEARCH_USER_PATHS = NO;
				CLANG_ANALYZER_NONNULL = YES;
				CLANG_ANALYZER_NUMBER_OBJECT_CONVERSION = YES_AGGRESSIVE;
				CLANG_CXX_LANGUAGE_STANDARD = "gnu++14";
				CLANG_CXX_LIBRARY = "libc++";
				CLANG_ENABLE_MODULES = YES;
				CLANG_ENABLE_OBJC_ARC = YES;
				CLANG_ENABLE_OBJC_WEAK = YES;
				CLANG_WARN_BLOCK_CAPTURE_AUTORELEASING = YES;
				CLANG_WARN_BOOL_CONVERSION = YES;
				CLANG_WARN_COMMA = YES;
				CLANG_WARN_CONSTANT_CONVERSION = YES;
				CLANG_WARN_DEPRECATED_OBJC_IMPLEMENTATIONS = YES;
				CLANG_WARN_DIRECT_OBJC_ISA_USAGE = YES_ERROR;
				CLANG_WARN_DOCUMENTATION_COMMENTS = YES;
				CLANG_WARN_EMPTY_BODY = YES;
				CLANG_WARN_ENUM_CONVERSION = YES;
				CLANG_WARN_INFINITE_RECURSION = YES;
				CLANG_WARN_INT_CONVERSION = YES;
				CLANG_WARN_NON_LITERAL_NULL_CONVERSION = YES;
				CLANG_WARN_OBJC_IMPLICIT_RETAIN_SELF = YES;
				CLANG_WARN_OBJC_LITERAL_CONVERSION = YES;
				CLANG_WARN_OBJC_ROOT_CLASS = YES_ERROR;
				CLANG_WARN_QUOTED_INCLUDE_IN_FRAMEWORK_HEADER = YES;
				CLANG_WARN_RANGE_LOOP_ANALYSIS = YES;
				CLANG_WARN_STRICT_PROTOTYPES = YES;
				CLANG_WARN_SUSPICIOUS_MOVE = YES;
				CLANG_WARN_UNGUARDED_AVAILABILITY = YES_AGGRESSIVE;
				CLANG_WARN_UNREACHABLE_CODE = YES;
				CLANG_WARN__DUPLICATE_METHOD_MATCH = YES;
				COPY_PHASE_STRIP = NO;
				DEBUG_INFORMATION_FORMAT = dwarf;
				ENABLE_STRICT_OBJC_MSGSEND = YES;
				ENABLE_TESTABILITY = YES;
				GCC_C_LANGUAGE_STANDARD = gnu11;
				GCC_DYNAMIC_NO_PIC = NO;
				GCC_NO_COMMON_BLOCKS = YES;
				GCC_OPTIMIZATION_LEVEL = 0;
				GCC_PREPROCESSOR_DEFINITIONS = (
					"DEBUG=1",
					"$(inherited)",
				);
				GCC_WARN_64_TO_32_BIT_CONVERSION = YES;
				GCC_WARN_ABOUT_RETURN_TYPE = YES_ERROR;
				GCC_WARN_UNDECLARED_SELECTOR = YES;
				GCC_WARN_UNINITIALIZED_AUTOS = YES_AGGRESSIVE;
				GCC_WARN_UNUSED_FUNCTION = YES;
				GCC_WARN_UNUSED_VARIABLE = YES;
				IPHONEOS_DEPLOYMENT_TARGET = 14.4;
				MTL_ENABLE_DEBUG_INFO = INCLUDE_SOURCE;
				MTL_FAST_MATH = YES;
				ONLY_ACTIVE_ARCH = YES;
				SDKROOT = iphoneos;
				SWIFT_ACTIVE_COMPILATION_CONDITIONS = DEBUG;
				SWIFT_OPTIMIZATION_LEVEL = "-Onone";
			};
			name = Debug;
		};
		0AB1839425DAD5A3009E3F9B /* Release */ = {
			isa = XCBuildConfiguration;
			buildSettings = {
				ALWAYS_SEARCH_USER_PATHS = NO;
				CLANG_ANALYZER_NONNULL = YES;
				CLANG_ANALYZER_NUMBER_OBJECT_CONVERSION = YES_AGGRESSIVE;
				CLANG_CXX_LANGUAGE_STANDARD = "gnu++14";
				CLANG_CXX_LIBRARY = "libc++";
				CLANG_ENABLE_MODULES = YES;
				CLANG_ENABLE_OBJC_ARC = YES;
				CLANG_ENABLE_OBJC_WEAK = YES;
				CLANG_WARN_BLOCK_CAPTURE_AUTORELEASING = YES;
				CLANG_WARN_BOOL_CONVERSION = YES;
				CLANG_WARN_COMMA = YES;
				CLANG_WARN_CONSTANT_CONVERSION = YES;
				CLANG_WARN_DEPRECATED_OBJC_IMPLEMENTATIONS = YES;
				CLANG_WARN_DIRECT_OBJC_ISA_USAGE = YES_ERROR;
				CLANG_WARN_DOCUMENTATION_COMMENTS = YES;
				CLANG_WARN_EMPTY_BODY = YES;
				CLANG_WARN_ENUM_CONVERSION = YES;
				CLANG_WARN_INFINITE_RECURSION = YES;
				CLANG_WARN_INT_CONVERSION = YES;
				CLANG_WARN_NON_LITERAL_NULL_CONVERSION = YES;
				CLANG_WARN_OBJC_IMPLICIT_RETAIN_SELF = YES;
				CLANG_WARN_OBJC_LITERAL_CONVERSION = YES;
				CLANG_WARN_OBJC_ROOT_CLASS = YES_ERROR;
				CLANG_WARN_QUOTED_INCLUDE_IN_FRAMEWORK_HEADER = YES;
				CLANG_WARN_RANGE_LOOP_ANALYSIS = YES;
				CLANG_WARN_STRICT_PROTOTYPES = YES;
				CLANG_WARN_SUSPICIOUS_MOVE = YES;
				CLANG_WARN_UNGUARDED_AVAILABILITY = YES_AGGRESSIVE;
				CLANG_WARN_UNREACHABLE_CODE = YES;
				CLANG_WARN__DUPLICATE_METHOD_MATCH = YES;
				COPY_PHASE_STRIP = NO;
				DEBUG_INFORMATION_FORMAT = "dwarf-with-dsym";
				ENABLE_NS_ASSERTIONS = NO;
				ENABLE_STRICT_OBJC_MSGSEND = YES;
				GCC_C_LANGUAGE_STANDARD = gnu11;
				GCC_NO_COMMON_BLOCKS = YES;
				GCC_WARN_64_TO_32_BIT_CONVERSION = YES;
				GCC_WARN_ABOUT_RETURN_TYPE = YES_ERROR;
				GCC_WARN_UNDECLARED_SELECTOR = YES;
				GCC_WARN_UNINITIALIZED_AUTOS = YES_AGGRESSIVE;
				GCC_WARN_UNUSED_FUNCTION = YES;
				GCC_WARN_UNUSED_VARIABLE = YES;
				IPHONEOS_DEPLOYMENT_TARGET = 14.4;
				MTL_ENABLE_DEBUG_INFO = NO;
				MTL_FAST_MATH = YES;
				SDKROOT = iphoneos;
				SWIFT_COMPILATION_MODE = wholemodule;
				SWIFT_OPTIMIZATION_LEVEL = "-O";
				VALIDATE_PRODUCT = YES;
			};
			name = Release;
		};
		0AB1839625DAD5A3009E3F9B /* Debug */ = {
			isa = XCBuildConfiguration;
			baseConfigurationReference = C7118E8362330E5E0B3F8061 /* Pods-notes_swift.debug.xcconfig */;
			buildSettings = {
				ASSETCATALOG_COMPILER_APPICON_NAME = AppIcon;
				ASSETCATALOG_COMPILER_GLOBAL_ACCENT_COLOR_NAME = AccentColor;
				CODE_SIGN_STYLE = Automatic;
				DEVELOPMENT_TEAM = BX4D37MZCW;
				INFOPLIST_FILE = notes_swift/Info.plist;
				LD_RUNPATH_SEARCH_PATHS = (
					"$(inherited)",
					"@executable_path/Frameworks",
				);
				PRODUCT_BUNDLE_IDENTIFIER = "com.manoshin.notes-swift";
				PRODUCT_NAME = "$(TARGET_NAME)";
				SWIFT_VERSION = 5.0;
				TARGETED_DEVICE_FAMILY = "1,2";
			};
			name = Debug;
		};
		0AB1839725DAD5A3009E3F9B /* Release */ = {
			isa = XCBuildConfiguration;
			baseConfigurationReference = C9B40B36987244B0A6ACCE99 /* Pods-notes_swift.release.xcconfig */;
			buildSettings = {
				ASSETCATALOG_COMPILER_APPICON_NAME = AppIcon;
				ASSETCATALOG_COMPILER_GLOBAL_ACCENT_COLOR_NAME = AccentColor;
				CODE_SIGN_STYLE = Automatic;
				DEVELOPMENT_TEAM = BX4D37MZCW;
				INFOPLIST_FILE = notes_swift/Info.plist;
				LD_RUNPATH_SEARCH_PATHS = (
					"$(inherited)",
					"@executable_path/Frameworks",
				);
				PRODUCT_BUNDLE_IDENTIFIER = "com.manoshin.notes-swift";
				PRODUCT_NAME = "$(TARGET_NAME)";
				SWIFT_VERSION = 5.0;
				TARGETED_DEVICE_FAMILY = "1,2";
			};
			name = Release;
		};
		0AB1839925DAD5A3009E3F9B /* Debug */ = {
			isa = XCBuildConfiguration;
			baseConfigurationReference = 51D9F6423B9289569348409D /* Pods-notes_swiftTests.debug.xcconfig */;
			buildSettings = {
				ALWAYS_EMBED_SWIFT_STANDARD_LIBRARIES = YES;
				BUNDLE_LOADER = "$(TEST_HOST)";
				CODE_SIGN_STYLE = Automatic;
				DEVELOPMENT_TEAM = BX4D37MZCW;
				INFOPLIST_FILE = notes_swiftTests/Info.plist;
				IPHONEOS_DEPLOYMENT_TARGET = 14.4;
				LD_RUNPATH_SEARCH_PATHS = (
					"$(inherited)",
					"@executable_path/Frameworks",
					"@loader_path/Frameworks",
				);
				PRODUCT_BUNDLE_IDENTIFIER = "com.manoshin.notes-swiftTests";
				PRODUCT_NAME = "$(TARGET_NAME)";
				SWIFT_VERSION = 5.0;
				TARGETED_DEVICE_FAMILY = "1,2";
				TEST_HOST = "$(BUILT_PRODUCTS_DIR)/notes_swift.app/notes_swift";
			};
			name = Debug;
		};
		0AB1839A25DAD5A3009E3F9B /* Release */ = {
			isa = XCBuildConfiguration;
			baseConfigurationReference = 251DB530B2EF332C663A0962 /* Pods-notes_swiftTests.release.xcconfig */;
			buildSettings = {
				ALWAYS_EMBED_SWIFT_STANDARD_LIBRARIES = YES;
				BUNDLE_LOADER = "$(TEST_HOST)";
				CODE_SIGN_STYLE = Automatic;
				DEVELOPMENT_TEAM = BX4D37MZCW;
				INFOPLIST_FILE = notes_swiftTests/Info.plist;
				IPHONEOS_DEPLOYMENT_TARGET = 14.4;
				LD_RUNPATH_SEARCH_PATHS = (
					"$(inherited)",
					"@executable_path/Frameworks",
					"@loader_path/Frameworks",
				);
				PRODUCT_BUNDLE_IDENTIFIER = "com.manoshin.notes-swiftTests";
				PRODUCT_NAME = "$(TARGET_NAME)";
				SWIFT_VERSION = 5.0;
				TARGETED_DEVICE_FAMILY = "1,2";
				TEST_HOST = "$(BUILT_PRODUCTS_DIR)/notes_swift.app/notes_swift";
			};
			name = Release;
		};
		0AB1839C25DAD5A3009E3F9B /* Debug */ = {
			isa = XCBuildConfiguration;
			baseConfigurationReference = 0003D0D20A54F613E4000E7A /* Pods-notes_swift-notes_swiftUITests.debug.xcconfig */;
			buildSettings = {
				ALWAYS_EMBED_SWIFT_STANDARD_LIBRARIES = YES;
				CODE_SIGN_STYLE = Automatic;
				DEVELOPMENT_TEAM = BX4D37MZCW;
				INFOPLIST_FILE = notes_swiftUITests/Info.plist;
				LD_RUNPATH_SEARCH_PATHS = (
					"$(inherited)",
					"@executable_path/Frameworks",
					"@loader_path/Frameworks",
				);
				PRODUCT_BUNDLE_IDENTIFIER = "com.manoshin.notes-swiftUITests";
				PRODUCT_NAME = "$(TARGET_NAME)";
				SWIFT_VERSION = 5.0;
				TARGETED_DEVICE_FAMILY = "1,2";
				TEST_TARGET_NAME = notes_swift;
			};
			name = Debug;
		};
		0AB1839D25DAD5A3009E3F9B /* Release */ = {
			isa = XCBuildConfiguration;
			baseConfigurationReference = ECDE8056A7E5550DD697E774 /* Pods-notes_swift-notes_swiftUITests.release.xcconfig */;
			buildSettings = {
				ALWAYS_EMBED_SWIFT_STANDARD_LIBRARIES = YES;
				CODE_SIGN_STYLE = Automatic;
				DEVELOPMENT_TEAM = BX4D37MZCW;
				INFOPLIST_FILE = notes_swiftUITests/Info.plist;
				LD_RUNPATH_SEARCH_PATHS = (
					"$(inherited)",
					"@executable_path/Frameworks",
					"@loader_path/Frameworks",
				);
				PRODUCT_BUNDLE_IDENTIFIER = "com.manoshin.notes-swiftUITests";
				PRODUCT_NAME = "$(TARGET_NAME)";
				SWIFT_VERSION = 5.0;
				TARGETED_DEVICE_FAMILY = "1,2";
				TEST_TARGET_NAME = notes_swift;
			};
			name = Release;
		};
/* End XCBuildConfiguration section */

/* Begin XCConfigurationList section */
		0AB1836625DAD5A3009E3F9B /* Build configuration list for PBXProject "notes_swift" */ = {
			isa = XCConfigurationList;
			buildConfigurations = (
				0AB1839325DAD5A3009E3F9B /* Debug */,
				0AB1839425DAD5A3009E3F9B /* Release */,
			);
			defaultConfigurationIsVisible = 0;
			defaultConfigurationName = Release;
		};
		0AB1839525DAD5A3009E3F9B /* Build configuration list for PBXNativeTarget "notes_swift" */ = {
			isa = XCConfigurationList;
			buildConfigurations = (
				0AB1839625DAD5A3009E3F9B /* Debug */,
				0AB1839725DAD5A3009E3F9B /* Release */,
			);
			defaultConfigurationIsVisible = 0;
			defaultConfigurationName = Release;
		};
		0AB1839825DAD5A3009E3F9B /* Build configuration list for PBXNativeTarget "notes_swiftTests" */ = {
			isa = XCConfigurationList;
			buildConfigurations = (
				0AB1839925DAD5A3009E3F9B /* Debug */,
				0AB1839A25DAD5A3009E3F9B /* Release */,
			);
			defaultConfigurationIsVisible = 0;
			defaultConfigurationName = Release;
		};
		0AB1839B25DAD5A3009E3F9B /* Build configuration list for PBXNativeTarget "notes_swiftUITests" */ = {
			isa = XCConfigurationList;
			buildConfigurations = (
				0AB1839C25DAD5A3009E3F9B /* Debug */,
				0AB1839D25DAD5A3009E3F9B /* Release */,
			);
			defaultConfigurationIsVisible = 0;
			defaultConfigurationName = Release;
		};
/* End XCConfigurationList section */
	};
	rootObject = 0AB1836325DAD5A3009E3F9B /* Project object */;
}
